// !$*UTF8*$!
{
	archiveVersion = 1;
	classes = {
	};
	objectVersion = 46;
	objects = {

/* Begin PBXBuildFile section */
		132CB503180722110051D510 /* Foundation.framework in Frameworks */ = {isa = PBXBuildFile; fileRef = 132CB502180722110051D510 /* Foundation.framework */; };
		132CB505180722110051D510 /* CoreGraphics.framework in Frameworks */ = {isa = PBXBuildFile; fileRef = 132CB504180722110051D510 /* CoreGraphics.framework */; };
		132CB507180722110051D510 /* UIKit.framework in Frameworks */ = {isa = PBXBuildFile; fileRef = 132CB506180722110051D510 /* UIKit.framework */; };
		132CB50D180722110051D510 /* InfoPlist.strings in Resources */ = {isa = PBXBuildFile; fileRef = 132CB50B180722110051D510 /* InfoPlist.strings */; };
		132CB50F180722110051D510 /* main.m in Sources */ = {isa = PBXBuildFile; fileRef = 132CB50E180722110051D510 /* main.m */; };
		132CB513180722110051D510 /* AppDelegate.m in Sources */ = {isa = PBXBuildFile; fileRef = 132CB512180722110051D510 /* AppDelegate.m */; };
		132CB516180722110051D510 /* Main_iPhone.storyboard in Resources */ = {isa = PBXBuildFile; fileRef = 132CB514180722110051D510 /* Main_iPhone.storyboard */; };
		132CB519180722110051D510 /* Main_iPad.storyboard in Resources */ = {isa = PBXBuildFile; fileRef = 132CB517180722110051D510 /* Main_iPad.storyboard */; };
		132CB51C180722110051D510 /* ViewController.m in Sources */ = {isa = PBXBuildFile; fileRef = 132CB51B180722110051D510 /* ViewController.m */; };
		132CB51E180722110051D510 /* Images.xcassets in Resources */ = {isa = PBXBuildFile; fileRef = 132CB51D180722110051D510 /* Images.xcassets */; };
		132CB525180722120051D510 /* XCTest.framework in Frameworks */ = {isa = PBXBuildFile; fileRef = 132CB524180722120051D510 /* XCTest.framework */; };
		132CB526180722120051D510 /* Foundation.framework in Frameworks */ = {isa = PBXBuildFile; fileRef = 132CB502180722110051D510 /* Foundation.framework */; };
		132CB527180722120051D510 /* UIKit.framework in Frameworks */ = {isa = PBXBuildFile; fileRef = 132CB506180722110051D510 /* UIKit.framework */; };
		132CB52F180722120051D510 /* InfoPlist.strings in Resources */ = {isa = PBXBuildFile; fileRef = 132CB52D180722120051D510 /* InfoPlist.strings */; };
		132CB531180722120051D510 /* ProvaTests.m in Sources */ = {isa = PBXBuildFile; fileRef = 132CB530180722120051D510 /* ProvaTests.m */; };
/* End PBXBuildFile section */

/* Begin PBXContainerItemProxy section */
		132CB528180722120051D510 /* PBXContainerItemProxy */ = {
			isa = PBXContainerItemProxy;
			containerPortal = 132CB4F7180722110051D510 /* Project object */;
			proxyType = 1;
			remoteGlobalIDString = 132CB4FE180722110051D510;
			remoteInfo = Prova;
		};
/* End PBXContainerItemProxy section */

/* Begin PBXFileReference section */
		132CB4FF180722110051D510 /* Prova.app */ = {isa = PBXFileReference; explicitFileType = wrapper.application; includeInIndex = 0; path = Prova.app; sourceTree = BUILT_PRODUCTS_DIR; };
		132CB502180722110051D510 /* Foundation.framework */ = {isa = PBXFileReference; lastKnownFileType = wrapper.framework; name = Foundation.framework; path = System/Library/Frameworks/Foundation.framework; sourceTree = SDKROOT; };
		132CB504180722110051D510 /* CoreGraphics.framework */ = {isa = PBXFileReference; lastKnownFileType = wrapper.framework; name = CoreGraphics.framework; path = System/Library/Frameworks/CoreGraphics.framework; sourceTree = SDKROOT; };
		132CB506180722110051D510 /* UIKit.framework */ = {isa = PBXFileReference; lastKnownFileType = wrapper.framework; name = UIKit.framework; path = System/Library/Frameworks/UIKit.framework; sourceTree = SDKROOT; };
		132CB50A180722110051D510 /* Prova-Info.plist */ = {isa = PBXFileReference; lastKnownFileType = text.plist.xml; path = "Prova-Info.plist"; sourceTree = "<group>"; };
		132CB50C180722110051D510 /* en */ = {isa = PBXFileReference; lastKnownFileType = text.plist.strings; name = en; path = en.lproj/InfoPlist.strings; sourceTree = "<group>"; };
		132CB50E180722110051D510 /* main.m */ = {isa = PBXFileReference; lastKnownFileType = sourcecode.c.objc; path = main.m; sourceTree = "<group>"; };
		132CB510180722110051D510 /* Prova-Prefix.pch */ = {isa = PBXFileReference; lastKnownFileType = sourcecode.c.h; path = "Prova-Prefix.pch"; sourceTree = "<group>"; };
		132CB511180722110051D510 /* AppDelegate.h */ = {isa = PBXFileReference; lastKnownFileType = sourcecode.c.h; path = AppDelegate.h; sourceTree = "<group>"; };
		132CB512180722110051D510 /* AppDelegate.m */ = {isa = PBXFileReference; lastKnownFileType = sourcecode.c.objc; path = AppDelegate.m; sourceTree = "<group>"; };
		132CB515180722110051D510 /* Base */ = {isa = PBXFileReference; lastKnownFileType = file.storyboard; name = Base; path = Base.lproj/Main_iPhone.storyboard; sourceTree = "<group>"; };
		132CB518180722110051D510 /* Base */ = {isa = PBXFileReference; lastKnownFileType = file.storyboard; name = Base; path = Base.lproj/Main_iPad.storyboard; sourceTree = "<group>"; };
		132CB51A180722110051D510 /* ViewController.h */ = {isa = PBXFileReference; lastKnownFileType = sourcecode.c.h; path = ViewController.h; sourceTree = "<group>"; };
		132CB51B180722110051D510 /* ViewController.m */ = {isa = PBXFileReference; lastKnownFileType = sourcecode.c.objc; path = ViewController.m; sourceTree = "<group>"; };
		132CB51D180722110051D510 /* Images.xcassets */ = {isa = PBXFileReference; lastKnownFileType = folder.assetcatalog; path = Images.xcassets; sourceTree = "<group>"; };
		132CB523180722120051D510 /* ProvaTests.xctest */ = {isa = PBXFileReference; explicitFileType = wrapper.cfbundle; includeInIndex = 0; path = ProvaTests.xctest; sourceTree = BUILT_PRODUCTS_DIR; };
		132CB524180722120051D510 /* XCTest.framework */ = {isa = PBXFileReference; lastKnownFileType = wrapper.framework; name = XCTest.framework; path = Library/Frameworks/XCTest.framework; sourceTree = DEVELOPER_DIR; };
		132CB52C180722120051D510 /* ProvaTests-Info.plist */ = {isa = PBXFileReference; lastKnownFileType = text.plist.xml; path = "ProvaTests-Info.plist"; sourceTree = "<group>"; };
		132CB52E180722120051D510 /* en */ = {isa = PBXFileReference; lastKnownFileType = text.plist.strings; name = en; path = en.lproj/InfoPlist.strings; sourceTree = "<group>"; };
		132CB530180722120051D510 /* ProvaTests.m */ = {isa = PBXFileReference; lastKnownFileType = sourcecode.c.objc; path = ProvaTests.m; sourceTree = "<group>"; };
/* End PBXFileReference section */

/* Begin PBXFrameworksBuildPhase section */
		132CB4FC180722110051D510 /* Frameworks */ = {
			isa = PBXFrameworksBuildPhase;
			buildActionMask = 2147483647;
			files = (
				132CB505180722110051D510 /* CoreGraphics.framework in Frameworks */,
				132CB507180722110051D510 /* UIKit.framework in Frameworks */,
				132CB503180722110051D510 /* Foundation.framework in Frameworks */,
			);
			runOnlyForDeploymentPostprocessing = 0;
		};
		132CB520180722120051D510 /* Frameworks */ = {
			isa = PBXFrameworksBuildPhase;
			buildActionMask = 2147483647;
			files = (
				132CB525180722120051D510 /* XCTest.framework in Frameworks */,
				132CB527180722120051D510 /* UIKit.framework in Frameworks */,
				132CB526180722120051D510 /* Foundation.framework in Frameworks */,
			);
			runOnlyForDeploymentPostprocessing = 0;
		};
/* End PBXFrameworksBuildPhase section */

/* Begin PBXGroup section */
		132CB4F6180722110051D510 = {
			isa = PBXGroup;
			children = (
				132CB508180722110051D510 /* Prova */,
				132CB52A180722120051D510 /* ProvaTests */,
				132CB501180722110051D510 /* Frameworks */,
				132CB500180722110051D510 /* Products */,
			);
			sourceTree = "<group>";
		};
		132CB500180722110051D510 /* Products */ = {
			isa = PBXGroup;
			children = (
				132CB4FF180722110051D510 /* Prova.app */,
				132CB523180722120051D510 /* ProvaTests.xctest */,
			);
			name = Products;
			sourceTree = "<group>";
		};
		132CB501180722110051D510 /* Frameworks */ = {
			isa = PBXGroup;
			children = (
				132CB502180722110051D510 /* Foundation.framework */,
				132CB504180722110051D510 /* CoreGraphics.framework */,
				132CB506180722110051D510 /* UIKit.framework */,
				132CB524180722120051D510 /* XCTest.framework */,
			);
			name = Frameworks;
			sourceTree = "<group>";
		};
		132CB508180722110051D510 /* Prova */ = {
			isa = PBXGroup;
			children = (
				132CB511180722110051D510 /* AppDelegate.h */,
				132CB512180722110051D510 /* AppDelegate.m */,
				132CB514180722110051D510 /* Main_iPhone.storyboard */,
				132CB517180722110051D510 /* Main_iPad.storyboard */,
				132CB51A180722110051D510 /* ViewController.h */,
				132CB51B180722110051D510 /* ViewController.m */,
				132CB51D180722110051D510 /* Images.xcassets */,
				132CB509180722110051D510 /* Supporting Files */,
			);
			path = Prova;
			sourceTree = "<group>";
		};
		132CB509180722110051D510 /* Supporting Files */ = {
			isa = PBXGroup;
			children = (
				132CB50A180722110051D510 /* Prova-Info.plist */,
				132CB50B180722110051D510 /* InfoPlist.strings */,
				132CB50E180722110051D510 /* main.m */,
				132CB510180722110051D510 /* Prova-Prefix.pch */,
			);
			name = "Supporting Files";
			sourceTree = "<group>";
		};
		132CB52A180722120051D510 /* ProvaTests */ = {
			isa = PBXGroup;
			children = (
				132CB530180722120051D510 /* ProvaTests.m */,
				132CB52B180722120051D510 /* Supporting Files */,
			);
			path = ProvaTests;
			sourceTree = "<group>";
		};
		132CB52B180722120051D510 /* Supporting Files */ = {
			isa = PBXGroup;
			children = (
				132CB52C180722120051D510 /* ProvaTests-Info.plist */,
				132CB52D180722120051D510 /* InfoPlist.strings */,
			);
			name = "Supporting Files";
			sourceTree = "<group>";
		};
/* End PBXGroup section */

/* Begin PBXNativeTarget section */
		132CB4FE180722110051D510 /* Prova */ = {
			isa = PBXNativeTarget;
			buildConfigurationList = 132CB534180722120051D510 /* Build configuration list for PBXNativeTarget "Prova" */;
			buildPhases = (
				132CB4FB180722110051D510 /* Sources */,
				132CB4FC180722110051D510 /* Frameworks */,
				132CB4FD180722110051D510 /* Resources */,
			);
			buildRules = (
			);
			dependencies = (
			);
			name = Prova;
			productName = Prova;
			productReference = 132CB4FF180722110051D510 /* Prova.app */;
			productType = "com.apple.product-type.application";
		};
		132CB522180722120051D510 /* ProvaTests */ = {
			isa = PBXNativeTarget;
			buildConfigurationList = 132CB537180722120051D510 /* Build configuration list for PBXNativeTarget "ProvaTests" */;
			buildPhases = (
				132CB51F180722120051D510 /* Sources */,
				132CB520180722120051D510 /* Frameworks */,
				132CB521180722120051D510 /* Resources */,
			);
			buildRules = (
			);
			dependencies = (
				132CB529180722120051D510 /* PBXTargetDependency */,
			);
			name = ProvaTests;
			productName = ProvaTests;
			productReference = 132CB523180722120051D510 /* ProvaTests.xctest */;
			productType = "com.apple.product-type.bundle.unit-test";
		};
/* End PBXNativeTarget section */

/* Begin PBXProject section */
		132CB4F7180722110051D510 /* Project object */ = {
			isa = PBXProject;
			attributes = {
				LastUpgradeCheck = 0500;
				ORGANIZATIONNAME = "Francesco Fattori";
				TargetAttributes = {
					132CB522180722120051D510 = {
						TestTargetID = 132CB4FE180722110051D510;
					};
				};
			};
			buildConfigurationList = 132CB4FA180722110051D510 /* Build configuration list for PBXProject "Prova" */;
			compatibilityVersion = "Xcode 3.2";
			developmentRegion = English;
			hasScannedForEncodings = 0;
			knownRegions = (
				en,
				Base,
			);
			mainGroup = 132CB4F6180722110051D510;
			productRefGroup = 132CB500180722110051D510 /* Products */;
			projectDirPath = "";
			projectRoot = "";
			targets = (
				132CB4FE180722110051D510 /* Prova */,
				132CB522180722120051D510 /* ProvaTests */,
			);
		};
/* End PBXProject section */

/* Begin PBXResourcesBuildPhase section */
		132CB4FD180722110051D510 /* Resources */ = {
			isa = PBXResourcesBuildPhase;
			buildActionMask = 2147483647;
			files = (
				132CB519180722110051D510 /* Main_iPad.storyboard in Resources */,
				132CB51E180722110051D510 /* Images.xcassets in Resources */,
				132CB516180722110051D510 /* Main_iPhone.storyboard in Resources */,
				132CB50D180722110051D510 /* InfoPlist.strings in Resources */,
			);
			runOnlyForDeploymentPostprocessing = 0;
		};
		132CB521180722120051D510 /* Resources */ = {
			isa = PBXResourcesBuildPhase;
			buildActionMask = 2147483647;
			files = (
				132CB52F180722120051D510 /* InfoPlist.strings in Resources */,
			);
			runOnlyForDeploymentPostprocessing = 0;
		};
/* End PBXResourcesBuildPhase section */

/* Begin PBXSourcesBuildPhase section */
		132CB4FB180722110051D510 /* Sources */ = {
			isa = PBXSourcesBuildPhase;
			buildActionMask = 2147483647;
			files = (
				132CB51C180722110051D510 /* ViewController.m in Sources */,
				132CB513180722110051D510 /* AppDelegate.m in Sources */,
				132CB50F180722110051D510 /* main.m in Sources */,
			);
			runOnlyForDeploymentPostprocessing = 0;
		};
		132CB51F180722120051D510 /* Sources */ = {
			isa = PBXSourcesBuildPhase;
			buildActionMask = 2147483647;
			files = (
				132CB531180722120051D510 /* ProvaTests.m in Sources */,
			);
			runOnlyForDeploymentPostprocessing = 0;
		};
/* End PBXSourcesBuildPhase section */

/* Begin PBXTargetDependency section */
		132CB529180722120051D510 /* PBXTargetDependency */ = {
			isa = PBXTargetDependency;
			target = 132CB4FE180722110051D510 /* Prova */;
			targetProxy = 132CB528180722120051D510 /* PBXContainerItemProxy */;
		};
/* End PBXTargetDependency section */

/* Begin PBXVariantGroup section */
		132CB50B180722110051D510 /* InfoPlist.strings */ = {
			isa = PBXVariantGroup;
			children = (
				132CB50C180722110051D510 /* en */,
			);
			name = InfoPlist.strings;
			sourceTree = "<group>";
		};
		132CB514180722110051D510 /* Main_iPhone.storyboard */ = {
			isa = PBXVariantGroup;
			children = (
				132CB515180722110051D510 /* Base */,
			);
			name = Main_iPhone.storyboard;
			sourceTree = "<group>";
		};
		132CB517180722110051D510 /* Main_iPad.storyboard */ = {
			isa = PBXVariantGroup;
			children = (
				132CB518180722110051D510 /* Base */,
			);
			name = Main_iPad.storyboard;
			sourceTree = "<group>";
		};
		132CB52D180722120051D510 /* InfoPlist.strings */ = {
			isa = PBXVariantGroup;
			children = (
				132CB52E180722120051D510 /* en */,
			);
			name = InfoPlist.strings;
			sourceTree = "<group>";
		};
/* End PBXVariantGroup section */

/* Begin XCBuildConfiguration section */
		132CB532180722120051D510 /* Debug */ = {
			isa = XCBuildConfiguration;
			buildSettings = {
				ALWAYS_SEARCH_USER_PATHS = NO;
				ARCHS = "$(ARCHS_STANDARD_INCLUDING_64_BIT)";
				CLANG_CXX_LANGUAGE_STANDARD = "gnu++0x";
				CLANG_CXX_LIBRARY = "libc++";
				CLANG_ENABLE_MODULES = YES;
				CLANG_ENABLE_OBJC_ARC = YES;
				CLANG_WARN_BOOL_CONVERSION = YES;
				CLANG_WARN_CONSTANT_CONVERSION = YES;
				CLANG_WARN_DIRECT_OBJC_ISA_USAGE = YES_ERROR;
				CLANG_WARN_EMPTY_BODY = YES;
				CLANG_WARN_ENUM_CONVERSION = YES;
				CLANG_WARN_INT_CONVERSION = YES;
				CLANG_WARN_OBJC_ROOT_CLASS = YES_ERROR;
				CLANG_WARN__DUPLICATE_METHOD_MATCH = YES;
				"CODE_SIGN_IDENTITY[sdk=iphoneos*]" = "iPhone Developer";
				COPY_PHASE_STRIP = NO;
				GCC_C_LANGUAGE_STANDARD = gnu99;
				GCC_DYNAMIC_NO_PIC = NO;
				GCC_OPTIMIZATION_LEVEL = 0;
				GCC_PREPROCESSOR_DEFINITIONS = (
					"DEBUG=1",
					"$(inherited)",
				);
				GCC_SYMBOLS_PRIVATE_EXTERN = NO;
				GCC_WARN_64_TO_32_BIT_CONVERSION = YES;
				GCC_WARN_ABOUT_RETURN_TYPE = YES_ERROR;
				GCC_WARN_UNDECLARED_SELECTOR = YES;
				GCC_WARN_UNINITIALIZED_AUTOS = YES;
				GCC_WARN_UNUSED_FUNCTION = YES;
				GCC_WARN_UNUSED_VARIABLE = YES;
				IPHONEOS_DEPLOYMENT_TARGET = 7.0;
				ONLY_ACTIVE_ARCH = YES;
				SDKROOT = iphoneos;
				TARGETED_DEVICE_FAMILY = "1,2";
			};
			name = Debug;
		};
		132CB533180722120051D510 /* Release */ = {
			isa = XCBuildConfiguration;
			buildSettings = {
				ALWAYS_SEARCH_USER_PATHS = NO;
				ARCHS = "$(ARCHS_STANDARD_INCLUDING_64_BIT)";
				CLANG_CXX_LANGUAGE_STANDARD = "gnu++0x";
				CLANG_CXX_LIBRARY = "libc++";
				CLANG_ENABLE_MODULES = YES;
				CLANG_ENABLE_OBJC_ARC = YES;
				CLANG_WARN_BOOL_CONVERSION = YES;
				CLANG_WARN_CONSTANT_CONVERSION = YES;
				CLANG_WARN_DIRECT_OBJC_ISA_USAGE = YES_ERROR;
				CLANG_WARN_EMPTY_BODY = YES;
				CLANG_WARN_ENUM_CONVERSION = YES;
				CLANG_WARN_INT_CONVERSION = YES;
				CLANG_WARN_OBJC_ROOT_CLASS = YES_ERROR;
				CLANG_WARN__DUPLICATE_METHOD_MATCH = YES;
				"CODE_SIGN_IDENTITY[sdk=iphoneos*]" = "iPhone Developer";
				COPY_PHASE_STRIP = YES;
				ENABLE_NS_ASSERTIONS = NO;
				GCC_C_LANGUAGE_STANDARD = gnu99;
				GCC_WARN_64_TO_32_BIT_CONVERSION = YES;
				GCC_WARN_ABOUT_RETURN_TYPE = YES_ERROR;
				GCC_WARN_UNDECLARED_SELECTOR = YES;
				GCC_WARN_UNINITIALIZED_AUTOS = YES;
				GCC_WARN_UNUSED_FUNCTION = YES;
				GCC_WARN_UNUSED_VARIABLE = YES;
				IPHONEOS_DEPLOYMENT_TARGET = 7.0;
				SDKROOT = iphoneos;
				TARGETED_DEVICE_FAMILY = "1,2";
				VALIDATE_PRODUCT = YES;
			};
			name = Release;
		};
		132CB535180722120051D510 /* Debug */ = {
			isa = XCBuildConfiguration;
			buildSettings = {
				ASSETCATALOG_COMPILER_APPICON_NAME = AppIcon;
				ASSETCATALOG_COMPILER_LAUNCHIMAGE_NAME = LaunchImage;
				GCC_PRECOMPILE_PREFIX_HEADER = YES;
				GCC_PREFIX_HEADER = "Prova/Prova-Prefix.pch";
				INFOPLIST_FILE = "Prova/Prova-Info.plist";
				PRODUCT_NAME = "$(TARGET_NAME)";
				WRAPPER_EXTENSION = app;
			};
			name = Debug;
		};
		132CB536180722120051D510 /* Release */ = {
			isa = XCBuildConfiguration;
			buildSettings = {
				ASSETCATALOG_COMPILER_APPICON_NAME = AppIcon;
				ASSETCATALOG_COMPILER_LAUNCHIMAGE_NAME = LaunchImage;
				GCC_PRECOMPILE_PREFIX_HEADER = YES;
				GCC_PREFIX_HEADER = "Prova/Prova-Prefix.pch";
				INFOPLIST_FILE = "Prova/Prova-Info.plist";
				PRODUCT_NAME = "$(TARGET_NAME)";
				WRAPPER_EXTENSION = app;
			};
			name = Release;
		};
		132CB538180722120051D510 /* Debug */ = {
			isa = XCBuildConfiguration;
			buildSettings = {
				ARCHS = "$(ARCHS_STANDARD_INCLUDING_64_BIT)";
				BUNDLE_LOADER = "$(BUILT_PRODUCTS_DIR)/Prova.app/Prova";
				FRAMEWORK_SEARCH_PATHS = (
					"$(SDKROOT)/Developer/Library/Frameworks",
					"$(inherited)",
					"$(DEVELOPER_FRAMEWORKS_DIR)",
				);
				GCC_PRECOMPILE_PREFIX_HEADER = YES;
				GCC_PREFIX_HEADER = "Prova/Prova-Prefix.pch";
				GCC_PREPROCESSOR_DEFINITIONS = (
					"DEBUG=1",
					"$(inherited)",
				);
				INFOPLIST_FILE = "ProvaTests/ProvaTests-Info.plist";
				PRODUCT_NAME = "$(TARGET_NAME)";
				TEST_HOST = "$(BUNDLE_LOADER)";
				WRAPPER_EXTENSION = xctest;
			};
			name = Debug;
		};
		132CB539180722120051D510 /* Release */ = {
			isa = XCBuildConfiguration;
			buildSettings = {
				ARCHS = "$(ARCHS_STANDARD_INCLUDING_64_BIT)";
				BUNDLE_LOADER = "$(BUILT_PRODUCTS_DIR)/Prova.app/Prova";
				FRAMEWORK_SEARCH_PATHS = (
					"$(SDKROOT)/Developer/Library/Frameworks",
					"$(inherited)",
					"$(DEVELOPER_FRAMEWORKS_DIR)",
				);
				GCC_PRECOMPILE_PREFIX_HEADER = YES;
				GCC_PREFIX_HEADER = "Prova/Prova-Prefix.pch";
				INFOPLIST_FILE = "ProvaTests/ProvaTests-Info.plist";
				PRODUCT_NAME = "$(TARGET_NAME)";
				TEST_HOST = "$(BUNDLE_LOADER)";
				WRAPPER_EXTENSION = xctest;
			};
			name = Release;
		};
/* End XCBuildConfiguration section */

/* Begin XCConfigurationList section */
		132CB4FA180722110051D510 /* Build configuration list for PBXProject "Prova" */ = {
			isa = XCConfigurationList;
			buildConfigurations = (
				132CB532180722120051D510 /* Debug */,
				132CB533180722120051D510 /* Release */,
			);
			defaultConfigurationIsVisible = 0;
			defaultConfigurationName = Release;
		};
		132CB534180722120051D510 /* Build configuration list for PBXNativeTarget "Prova" */ = {
			isa = XCConfigurationList;
			buildConfigurations = (
				132CB535180722120051D510 /* Debug */,
				132CB536180722120051D510 /* Release */,
			);
			defaultConfigurationIsVisible = 0;
		};
		132CB537180722120051D510 /* Build configuration list for PBXNativeTarget "ProvaTests" */ = {
			isa = XCConfigurationList;
			buildConfigurations = (
				132CB538180722120051D510 /* Debug */,
				132CB539180722120051D510 /* Release */,
			);
			defaultConfigurationIsVisible = 0;
		};
/* End XCConfigurationList section */
	};
	rootObject = 132CB4F7180722110051D510 /* Project object */;
}
